github.com/thereisnoplanb/compare v0.0.0-20250402192959-b2e925b5f4c4 h1:CaYC0hj2BHFlLGkJHoZnAeLNb1z9Mf6VW5PbQG8MMkM=
github.com/thereisnoplanb/compare v0.0.0-20250402192959-b2e925b5f4c4/go.mod h1:GcuaYygKNB3vLRSXXneV2yM0pjOXSfwKt4xig2UE7tg=
github.com/thereisnoplanb/delegate v0.0.0-20250409202237-cec97f0c2930 h1:B81ARh+NXXFzoxvxn0bVLe+mwxkt47icsB1LEumSLug=
github.com/thereisnoplanb/delegate v0.0.0-20250409202237-cec97f0c2930/go.mod h1:eoZULfrMey/WcTqMTn55qwXQnDxFw42Drn761MR/VUI=
