github.com/thereisnoplanb/generic v0.0.0-20250205193500-61b151dc5fb7 h1:qOKJ5kJgMWAOSvzoSePrQIRO2Tbk+3xbQGDPLC8HCWU=
github.com/thereisnoplanb/generic v0.0.0-20250205193500-61b151dc5fb7/go.mod h1:1BegUv2b1buXj+MRrMMyTylKWGC+ggkYFnTA8Qh+WFE=
github.com/thereisnoplanb/generic v0.0.0-20250206191606-22d05cf4b873 h1:4WFMsO6LqfC3XO8n8lr3OqKviE7LraHyZTm6Pm6Jssw=
github.com/thereisnoplanb/generic v0.0.0-20250206191606-22d05cf4b873/go.mod h1:1BegUv2b1buXj+MRrMMyTylKWGC+ggkYFnTA8Qh+WFE=
